
Microsoft Visual Studio Solution File, Format Version 12.00
# Visual Studio Version 16
VisualStudioVersion = 16.0.29505.145
MinimumVisualStudioVersion = 10.0.40219.1
Project("{9A19103F-16F7-4668-BE54-9A1E7A4F7556}") = "AJP.ElasticBand.API", "src\AJP.ElasticBand.API.csproj", "{01934644-16BF-46A2-8689-57BF548A446F}"
EndProject
Global
	GlobalSection(SolutionConfigurationPlatforms) = preSolution
		Debug|Any CPU = Debug|Any CPU
		Release|Any CPU = Release|Any CPU
	EndGlobalSection
	GlobalSection(ProjectConfigurationPlatforms) = postSolution
		{01934644-16BF-46A2-8689-57BF548A446F}.Debug|Any CPU.ActiveCfg = Debug|Any CPU
		{01934644-16BF-46A2-8689-57BF548A446F}.Debug|Any CPU.Build.0 = Debug|Any CPU
		{01934644-16BF-46A2-8689-57BF548A446F}.Release|Any CPU.ActiveCfg = Release|Any CPU
		{01934644-16BF-46A2-8689-57BF548A446F}.Release|Any CPU.Build.0 = Release|Any CPU
	EndGlobalSection
	GlobalSection(SolutionProperties) = preSolution
		HideSolutionNode = FALSE
	EndGlobalSection
	GlobalSection(ExtensibilityGlobals) = postSolution
		SolutionGuid = {2A95BA29-1876-44BA-A1EE-3BA4BDA81F2B}
	EndGlobalSection
EndGlobal
